{
  "name": "@oneup/oneup-yt-playlist",
  "version": "2.0.0",
  "lockfileVersion": 1,
  "requires": true,
  "dependencies": {
    "@polymer/polymer": {
      "version": "3.4.1",
      "resolved": "https://npm.1upsoft.com:443/@polymer%2fpolymer/-/polymer-3.4.1.tgz",
      "integrity": "sha512-KPWnhDZibtqKrUz7enIPOiO4ZQoJNOuLwqrhV2MXzIt3VVnUVJVG5ORz4Z2sgO+UZ+/UZnPD0jqY+jmw/+a9mQ==",
      "requires": {
        "@webcomponents/shadycss": "^1.9.1"
      }
    },
    "@webcomponents/shadycss": {
      "version": "1.10.1",
      "resolved": "https://npm.1upsoft.com:443/@webcomponents%2fshadycss/-/shadycss-1.10.1.tgz",
      "integrity": "sha512-XEVDA7oH6o4Au9apyRDucjcIzvP44Ur4sqTMGRKCcE6sCAeKiOkRE03TCYNJAFkzckMWWT8Xx3IxG3iwjAcsRQ=="
    },
    "typescript": {
      "version": "4.0.3",
      "resolved": "https://npm.1upsoft.com:443/typescript/-/typescript-4.0.3.tgz",
      "integrity": "sha512-tEu6DGxGgRJPb/mVPIZ48e69xCn2yRmCgYmDugAVwmJ6o+0u1RI18eO7E7WBTLYLaEVVOhwQmcdhQHweux/WPg==",
      "dev": true
    }
  }
}
