{
  "name": "@oneup/oneup-collapse",
  "version": "2.0.0",
  "lockfileVersion": 1,
  "requires": true,
  "dependencies": {
    "@aeb/aeb-shared-styles": {
      "version": "1.0.0",
      "resolved": "https://npm.1upsoft.com:443/@aeb%2faeb-shared-styles/-/aeb-shared-styles-1.0.0.tgz",
      "integrity": "sha512-BVEsm7rgQQOth+HJqyKRMrrgYrkpli4W0iWPjNmX1lBEEYxSdvUWujaDArFdQK3djlmDEXzGA3BbziyMVEAKnQ==",
      "requires": {
        "@oneup/granite-bootstrap": "^1.0.0"
      }
    },
    "@oneup/granite-bootstrap": {
      "version": "1.0.0",
      "resolved": "https://npm.1upsoft.com:443/@oneup%2fgranite-bootstrap/-/granite-bootstrap-1.0.0.tgz",
      "integrity": "sha512-c1E1NdoGOp1cl5MoW7uSbEGinPg/hWNOcQU3k3yL+6RUDogt5jMScaDjOVFSiuRdTXe377ISRB8xeiekHoSLUA==",
      "requires": {
        "@polymer/polymer": "^3.4.1"
      }
    },
    "@polymer/iron-collapse": {
      "version": "3.0.1",
      "resolved": "https://npm.1upsoft.com:443/@polymer%2firon-collapse/-/iron-collapse-3.0.1.tgz",
      "integrity": "sha512-yg6q5ZyckQR9VL9VmLrSTkSFXWy9AcJC8KtnD5cg0EHRPbakE8I9S/gVAgeP4nMWV2a/BjLLC4IBygcCMDhAGw==",
      "requires": {
        "@polymer/iron-resizable-behavior": "^3.0.0-pre.26",
        "@polymer/polymer": "^3.0.0"
      }
    },
    "@polymer/iron-flex-layout": {
      "version": "3.0.1",
      "resolved": "https://npm.1upsoft.com:443/@polymer%2firon-flex-layout/-/iron-flex-layout-3.0.1.tgz",
      "integrity": "sha512-7gB869czArF+HZcPTVSgvA7tXYFze9EKckvM95NB7SqYF+NnsQyhoXgKnpFwGyo95lUjUW9TFDLUwDXnCYFtkw==",
      "requires": {
        "@polymer/polymer": "^3.0.0"
      }
    },
    "@polymer/iron-icon": {
      "version": "3.0.1",
      "resolved": "https://npm.1upsoft.com:443/@polymer%2firon-icon/-/iron-icon-3.0.1.tgz",
      "integrity": "sha512-QLPwirk+UPZNaLnMew9VludXA4CWUCenRewgEcGYwdzVgDPCDbXxy6vRJjmweZobMQv/oVLppT2JZtJFnPxX6g==",
      "requires": {
        "@polymer/iron-flex-layout": "^3.0.0-pre.26",
        "@polymer/iron-meta": "^3.0.0-pre.26",
        "@polymer/polymer": "^3.0.0"
      }
    },
    "@polymer/iron-icons": {
      "version": "3.0.1",
      "resolved": "https://npm.1upsoft.com:443/@polymer%2firon-icons/-/iron-icons-3.0.1.tgz",
      "integrity": "sha512-xtEI8erH2GIBiF3QxEMyW81XuVjguu6Le5WjEEpX67qd9z7jjmc4T/ke3zRUlnDydex9p8ytcwVpMIKcyvjYAQ==",
      "requires": {
        "@polymer/iron-icon": "^3.0.0-pre.26",
        "@polymer/iron-iconset-svg": "^3.0.0-pre.26",
        "@polymer/polymer": "^3.0.0"
      }
    },
    "@polymer/iron-iconset-svg": {
      "version": "3.0.1",
      "resolved": "https://npm.1upsoft.com:443/@polymer%2firon-iconset-svg/-/iron-iconset-svg-3.0.1.tgz",
      "integrity": "sha512-XNwURbNHRw6u2fJe05O5fMYye6GSgDlDqCO+q6K1zAnKIrpgZwf2vTkBd5uCcZwsN0FyCB3mvNZx4jkh85dRDw==",
      "requires": {
        "@polymer/iron-meta": "^3.0.0-pre.26",
        "@polymer/polymer": "^3.0.0"
      }
    },
    "@polymer/iron-meta": {
      "version": "3.0.1",
      "resolved": "https://npm.1upsoft.com:443/@polymer%2firon-meta/-/iron-meta-3.0.1.tgz",
      "integrity": "sha512-pWguPugiLYmWFV9UWxLWzZ6gm4wBwQdDy4VULKwdHCqR7OP7u98h+XDdGZsSlDPv6qoryV/e3tGHlTIT0mbzJA==",
      "requires": {
        "@polymer/polymer": "^3.0.0"
      }
    },
    "@polymer/iron-resizable-behavior": {
      "version": "3.0.1",
      "resolved": "https://npm.1upsoft.com:443/@polymer%2firon-resizable-behavior/-/iron-resizable-behavior-3.0.1.tgz",
      "integrity": "sha512-FyHxRxFspVoRaeZSWpT3y0C9awomb4tXXolIJcZ7RvXhMP632V5lez+ch5G5SwK0LpnAPkg35eB0LPMFv+YMMQ==",
      "requires": {
        "@polymer/polymer": "^3.0.0"
      }
    },
    "@polymer/polymer": {
      "version": "3.4.1",
      "resolved": "https://npm.1upsoft.com:443/@polymer%2fpolymer/-/polymer-3.4.1.tgz",
      "integrity": "sha512-KPWnhDZibtqKrUz7enIPOiO4ZQoJNOuLwqrhV2MXzIt3VVnUVJVG5ORz4Z2sgO+UZ+/UZnPD0jqY+jmw/+a9mQ==",
      "requires": {
        "@webcomponents/shadycss": "^1.9.1"
      }
    },
    "@webcomponents/shadycss": {
      "version": "1.10.1",
      "resolved": "https://npm.1upsoft.com:443/@webcomponents%2fshadycss/-/shadycss-1.10.1.tgz",
      "integrity": "sha512-XEVDA7oH6o4Au9apyRDucjcIzvP44Ur4sqTMGRKCcE6sCAeKiOkRE03TCYNJAFkzckMWWT8Xx3IxG3iwjAcsRQ=="
    }
  }
}
