{
  "name": "@oneup/oneup-layout",
  "version": "2.0.1",
  "lockfileVersion": 2,
  "requires": true,
  "packages": {
    "": {
      "name": "@oneup/oneup-layout",
      "version": "2.0.1",
      "license": "BSD-3-Clause",
      "dependencies": {
        "@oneup/oneup-drawer": "^2.0.0",
        "@oneup/oneup-sticky": "^2.0.0",
        "@oneup/style-bootstrap4": "^2.0.0",
        "autobind-decorator": "^2.4.0",
        "lit": "^2.2.8"
      },
      "devDependencies": {
        "typescript": "^4.7.4"
      }
    },
    "node_modules/@lit/reactive-element": {
      "version": "1.3.4",
      "resolved": "https://npm.1upsoft.com:443/@lit%2freactive-element/-/reactive-element-1.3.4.tgz",
      "integrity": "sha512-I1wz4uxOA52zSBhKmv4KQWLJpCyvfpnDg+eQR6mjpRgV+Ldi14HLPpSUpJklZRldz0fFmGCC/kVmuc/3cPFqCg==",
      "license": "BSD-3-Clause"
    },
    "node_modules/@oneup/oneup-drawer": {
      "version": "2.0.0",
      "resolved": "https://npm.1upsoft.com:443/@oneup%2foneup-drawer/-/oneup-drawer-2.0.0.tgz",
      "integrity": "sha512-I1mF9OlklrpymcULfGMTaeiIwfoMCld/fRTNwYYX7u6jwuGtZHyRZaw4D0AEvSDk24w4ObHo3JLadLmWU6DFRw==",
      "license": "BSD-3-Clause",
      "dependencies": {
        "@webcomponents/webcomponentsjs": "^2.4.3",
        "autobind-decorator": "^2.4.0",
        "lit": "^2.2.8",
        "lit-element": "^2.3.1"
      }
    },
    "node_modules/@oneup/oneup-sticky": {
      "version": "2.0.0",
      "resolved": "https://npm.1upsoft.com:443/@oneup%2foneup-sticky/-/oneup-sticky-2.0.0.tgz",
      "integrity": "sha512-XNywOXwrZvwGwVbpO35Y669iVdKfqlCBKoWAkMC1MS53HPfWFzZ89JbNYodguA6bDa4XXHLfjb6mbCK7fUSgOg==",
      "license": "BSD-3-Clause",
      "dependencies": {
        "@webcomponents/webcomponentsjs": "^2.4.3",
        "autobind-decorator": "^2.4.0",
        "lit": "^2.2.8",
        "lit-element": "^2.3.1"
      }
    },
    "node_modules/@oneup/style-bootstrap4": {
      "version": "2.0.0",
      "resolved": "https://npm.1upsoft.com:443/@oneup%2fstyle-bootstrap4/-/style-bootstrap4-2.0.0.tgz",
      "integrity": "sha512-M9m29KvqJxi3GI+EoPeSTxGc7hFg693sU0TsBCyi7GdslfZVjwrBQqW2SDrIc2b9JjZ+MExcfHNCSFqe+8f9FQ==",
      "license": "BSD-3-Clause",
      "dependencies": {
        "lit-element": "^2.3.1"
      }
    },
    "node_modules/@types/trusted-types": {
      "version": "2.0.2",
      "resolved": "https://npm.1upsoft.com:443/@types%2ftrusted-types/-/trusted-types-2.0.2.tgz",
      "integrity": "sha512-F5DIZ36YVLE+PN+Zwws4kJogq47hNgX3Nx6WyDJ3kcplxyke3XIzB8uK5n/Lpm1HBsbGzd6nmGehL8cPekP+Tg==",
      "license": "MIT"
    },
    "node_modules/@webcomponents/webcomponentsjs": {
      "version": "2.4.3",
      "resolved": "https://npm.1upsoft.com:443/@webcomponents%2fwebcomponentsjs/-/webcomponentsjs-2.4.3.tgz",
      "integrity": "sha512-cV4+sAmshf8ysU2USutrSRYQkJzEYKHsRCGa0CkMElGpG5747VHtkfsW3NdVIBV/m2MDKXTDydT4lkrysH7IFA==",
      "license": "BSD-3-Clause"
    },
    "node_modules/autobind-decorator": {
      "version": "2.4.0",
      "resolved": "https://npm.1upsoft.com:443/autobind-decorator/-/autobind-decorator-2.4.0.tgz",
      "integrity": "sha512-OGYhWUO72V6DafbF8PM8rm3EPbfuyMZcJhtm5/n26IDwO18pohE4eNazLoCGhPiXOCD0gEGmrbU3849QvM8bbw==",
      "license": "MIT",
      "engines": {
        "node": ">=8.10",
        "npm": ">=6.4.1"
      }
    },
    "node_modules/lit": {
      "version": "2.2.8",
      "resolved": "https://npm.1upsoft.com:443/lit/-/lit-2.2.8.tgz",
      "integrity": "sha512-QjeNbi/H9LVIHR+u0OqsL+hs62a16m02JlJHYN48HcBuXyiPYR8JvzsTp5dYYS81l+b9Emp3UaGo82EheV0pog==",
      "license": "BSD-3-Clause",
      "dependencies": {
        "@lit/reactive-element": "^1.3.0",
        "lit-element": "^3.2.0",
        "lit-html": "^2.2.0"
      }
    },
    "node_modules/lit-element": {
      "version": "2.3.1",
      "resolved": "https://npm.1upsoft.com:443/lit-element/-/lit-element-2.3.1.tgz",
      "integrity": "sha512-tOcUAmeO3BzwiQ7FGWdsshNvC0HVHcTFYw/TLIImmKwXYoV0E7zCBASa8IJ7DiP4cen/Yoj454gS0qqTnIGsFA==",
      "license": "BSD-3-Clause",
      "dependencies": {
        "lit-html": "^1.1.1"
      }
    },
    "node_modules/lit-html": {
      "version": "1.2.1",
      "resolved": "https://npm.1upsoft.com:443/lit-html/-/lit-html-1.2.1.tgz",
      "integrity": "sha512-GSJHHXMGLZDzTRq59IUfL9FCdAlGfqNp/dEa7k7aBaaWD+JKaCjsAk9KYm2V12ItonVaYx2dprN66Zdm1AuBTQ==",
      "license": "BSD-3-Clause"
    },
    "node_modules/lit/node_modules/lit-element": {
      "version": "3.2.2",
      "resolved": "https://npm.1upsoft.com:443/lit-element/-/lit-element-3.2.2.tgz",
      "integrity": "sha512-6ZgxBR9KNroqKb6+htkyBwD90XGRiqKDHVrW/Eh0EZ+l+iC+u+v+w3/BA5NGi4nizAVHGYvQBHUDuSmLjPp7NQ==",
      "license": "BSD-3-Clause",
      "dependencies": {
        "@lit/reactive-element": "^1.3.0",
        "lit-html": "^2.2.0"
      }
    },
    "node_modules/lit/node_modules/lit-html": {
      "version": "2.2.7",
      "resolved": "https://npm.1upsoft.com:443/lit-html/-/lit-html-2.2.7.tgz",
      "integrity": "sha512-JhqiAwO1l03kRe68uBZ0i2x4ef2S5szY9vvP411nlrFZIpKK4/hwnhA/15bqbvxe1lV3ipBdhaOzHmyOk7QIRg==",
      "license": "BSD-3-Clause",
      "dependencies": {
        "@types/trusted-types": "^2.0.2"
      }
    },
    "node_modules/typescript": {
      "version": "4.7.4",
      "resolved": "https://npm.1upsoft.com:443/typescript/-/typescript-4.7.4.tgz",
      "integrity": "sha512-C0WQT0gezHuw6AdY1M2jxUO83Rjf0HP7Sk1DtXj6j1EwkQNZrHAg2XPWlq62oqEhYvONq5pkC2Y9oPljWToLmQ==",
      "dev": true,
      "license": "Apache-2.0",
      "bin": {
        "tsc": "bin/tsc",
        "tsserver": "bin/tsserver"
      },
      "engines": {
        "node": ">=4.2.0"
      }
    }
  },
  "dependencies": {
    "@lit/reactive-element": {
      "version": "1.3.4",
      "resolved": "https://npm.1upsoft.com:443/@lit%2freactive-element/-/reactive-element-1.3.4.tgz",
      "integrity": "sha512-I1wz4uxOA52zSBhKmv4KQWLJpCyvfpnDg+eQR6mjpRgV+Ldi14HLPpSUpJklZRldz0fFmGCC/kVmuc/3cPFqCg=="
    },
    "@oneup/oneup-drawer": {
      "version": "2.0.0",
      "resolved": "https://npm.1upsoft.com:443/@oneup%2foneup-drawer/-/oneup-drawer-2.0.0.tgz",
      "integrity": "sha512-I1mF9OlklrpymcULfGMTaeiIwfoMCld/fRTNwYYX7u6jwuGtZHyRZaw4D0AEvSDk24w4ObHo3JLadLmWU6DFRw==",
      "requires": {
        "@webcomponents/webcomponentsjs": "^2.4.3",
        "autobind-decorator": "^2.4.0",
        "lit": "^2.2.8",
        "lit-element": "^2.3.1"
      }
    },
    "@oneup/oneup-sticky": {
      "version": "2.0.0",
      "resolved": "https://npm.1upsoft.com:443/@oneup%2foneup-sticky/-/oneup-sticky-2.0.0.tgz",
      "integrity": "sha512-XNywOXwrZvwGwVbpO35Y669iVdKfqlCBKoWAkMC1MS53HPfWFzZ89JbNYodguA6bDa4XXHLfjb6mbCK7fUSgOg==",
      "requires": {
        "@webcomponents/webcomponentsjs": "^2.4.3",
        "autobind-decorator": "^2.4.0",
        "lit": "^2.2.8",
        "lit-element": "^2.3.1"
      }
    },
    "@oneup/style-bootstrap4": {
      "version": "2.0.0",
      "resolved": "https://npm.1upsoft.com:443/@oneup%2fstyle-bootstrap4/-/style-bootstrap4-2.0.0.tgz",
      "integrity": "sha512-M9m29KvqJxi3GI+EoPeSTxGc7hFg693sU0TsBCyi7GdslfZVjwrBQqW2SDrIc2b9JjZ+MExcfHNCSFqe+8f9FQ==",
      "requires": {
        "lit-element": "^2.3.1"
      }
    },
    "@types/trusted-types": {
      "version": "2.0.2",
      "resolved": "https://npm.1upsoft.com:443/@types%2ftrusted-types/-/trusted-types-2.0.2.tgz",
      "integrity": "sha512-F5DIZ36YVLE+PN+Zwws4kJogq47hNgX3Nx6WyDJ3kcplxyke3XIzB8uK5n/Lpm1HBsbGzd6nmGehL8cPekP+Tg=="
    },
    "@webcomponents/webcomponentsjs": {
      "version": "2.4.3",
      "resolved": "https://npm.1upsoft.com:443/@webcomponents%2fwebcomponentsjs/-/webcomponentsjs-2.4.3.tgz",
      "integrity": "sha512-cV4+sAmshf8ysU2USutrSRYQkJzEYKHsRCGa0CkMElGpG5747VHtkfsW3NdVIBV/m2MDKXTDydT4lkrysH7IFA=="
    },
    "autobind-decorator": {
      "version": "2.4.0",
      "resolved": "https://npm.1upsoft.com:443/autobind-decorator/-/autobind-decorator-2.4.0.tgz",
      "integrity": "sha512-OGYhWUO72V6DafbF8PM8rm3EPbfuyMZcJhtm5/n26IDwO18pohE4eNazLoCGhPiXOCD0gEGmrbU3849QvM8bbw=="
    },
    "lit": {
      "version": "2.2.8",
      "resolved": "https://npm.1upsoft.com:443/lit/-/lit-2.2.8.tgz",
      "integrity": "sha512-QjeNbi/H9LVIHR+u0OqsL+hs62a16m02JlJHYN48HcBuXyiPYR8JvzsTp5dYYS81l+b9Emp3UaGo82EheV0pog==",
      "requires": {
        "@lit/reactive-element": "^1.3.0",
        "lit-element": "^3.2.0",
        "lit-html": "^2.2.0"
      },
      "dependencies": {
        "lit-element": {
          "version": "3.2.2",
          "resolved": "https://npm.1upsoft.com:443/lit-element/-/lit-element-3.2.2.tgz",
          "integrity": "sha512-6ZgxBR9KNroqKb6+htkyBwD90XGRiqKDHVrW/Eh0EZ+l+iC+u+v+w3/BA5NGi4nizAVHGYvQBHUDuSmLjPp7NQ==",
          "requires": {
            "@lit/reactive-element": "^1.3.0",
            "lit-html": "^2.2.0"
          }
        },
        "lit-html": {
          "version": "2.2.7",
          "resolved": "https://npm.1upsoft.com:443/lit-html/-/lit-html-2.2.7.tgz",
          "integrity": "sha512-JhqiAwO1l03kRe68uBZ0i2x4ef2S5szY9vvP411nlrFZIpKK4/hwnhA/15bqbvxe1lV3ipBdhaOzHmyOk7QIRg==",
          "requires": {
            "@types/trusted-types": "^2.0.2"
          }
        }
      }
    },
    "lit-element": {
      "version": "2.3.1",
      "resolved": "https://npm.1upsoft.com:443/lit-element/-/lit-element-2.3.1.tgz",
      "integrity": "sha512-tOcUAmeO3BzwiQ7FGWdsshNvC0HVHcTFYw/TLIImmKwXYoV0E7zCBASa8IJ7DiP4cen/Yoj454gS0qqTnIGsFA==",
      "requires": {
        "lit-html": "^1.1.1"
      }
    },
    "lit-html": {
      "version": "1.2.1",
      "resolved": "https://npm.1upsoft.com:443/lit-html/-/lit-html-1.2.1.tgz",
      "integrity": "sha512-GSJHHXMGLZDzTRq59IUfL9FCdAlGfqNp/dEa7k7aBaaWD+JKaCjsAk9KYm2V12ItonVaYx2dprN66Zdm1AuBTQ=="
    },
    "typescript": {
      "version": "4.7.4",
      "resolved": "https://npm.1upsoft.com:443/typescript/-/typescript-4.7.4.tgz",
      "integrity": "sha512-C0WQT0gezHuw6AdY1M2jxUO83Rjf0HP7Sk1DtXj6j1EwkQNZrHAg2XPWlq62oqEhYvONq5pkC2Y9oPljWToLmQ==",
      "dev": true
    }
  }
}
